{
  "name": "school-graph4node",
  "version": "1.0.0",
  "lockfileVersion": 1,
  "requires": true,
  "dependencies": {
    "graph4node": {
      "version": "1.0.3",
      "resolved": "https://registry.npmjs.org/graph4node/-/graph4node-1.0.3.tgz",
      "integrity": "sha512-N/8laixJSjIva5JFM05yu6pzvDhnuYOn+Z4ak/FgU0j9iE34HssBiPegUwvGi8CzyhHLI5Xx3o/38ghXO97kJA==",
      "requires": {
        "node4node": "1.0.2",
        "ootil": "1.0.2"
      },
      "dependencies": {
        "node4node": {
          "version": "1.0.2",
          "resolved": "https://registry.npmjs.org/node4node/-/node4node-1.0.2.tgz",
          "integrity": "sha512-NGTebvXM1hgdJKVaEroiOV0XlSZh//kYSnc0jRv+79riItMDlVxEA26drGlydGWLnTidvPSYRzcwDqc1Miqt7w==",
          "requires": {
            "ootil": "1.0.2"
          }
        },
        "ootil": {
          "version": "1.0.2",
          "resolved": "https://registry.npmjs.org/ootil/-/ootil-1.0.2.tgz",
          "integrity": "sha512-IUWB6tvW39BqCFOMT4jFvM1ILr4hjszGbWW0516HyTEvtPI+p7aWxindjQIT078hVRy3yjpIS+5BEqL89e2tUw==",
          "requires": {
            "node4node": "1.0.2"
          }
        }
      }
    }
  }
}
